// !$*UTF8*$!
{
	archiveVersion = 1;
	classes = {
	};
	objectVersion = 50;
	objects = {

/* Begin PBXBuildFile section */
		26D5DACA9D025BCD4F2AB622 /* Pods_Part13.framework in Frameworks */ = {isa = PBXBuildFile; fileRef = F746DA5A87D954C3158FAB19 /* Pods_Part13.framework */; };
		8C9A52C926D3A59C008404FA /* AppDelegate.swift in Sources */ = {isa = PBXBuildFile; fileRef = 8C9A52C826D3A59C008404FA /* AppDelegate.swift */; };
		8C9A52CB26D3A59C008404FA /* SceneDelegate.swift in Sources */ = {isa = PBXBuildFile; fileRef = 8C9A52CA26D3A59C008404FA /* SceneDelegate.swift */; };
		8C9A52CD26D3A59C008404FA /* ViewController.swift in Sources */ = {isa = PBXBuildFile; fileRef = 8C9A52CC26D3A59C008404FA /* ViewController.swift */; };
		8C9A52D026D3A59C008404FA /* Main.storyboard in Resources */ = {isa = PBXBuildFile; fileRef = 8C9A52CE26D3A59C008404FA /* Main.storyboard */; };
		8C9A52D226D3A5A1008404FA /* Assets.xcassets in Resources */ = {isa = PBXBuildFile; fileRef = 8C9A52D126D3A5A1008404FA /* Assets.xcassets */; };
		8C9A52D526D3A5A1008404FA /* LaunchScreen.storyboard in Resources */ = {isa = PBXBuildFile; fileRef = 8C9A52D326D3A5A1008404FA /* LaunchScreen.storyboard */; };
		8CCFFAE926D6545B00F2D767 /* InputViewController.swift in Sources */ = {isa = PBXBuildFile; fileRef = 8CCFFAE826D6545B00F2D767 /* InputViewController.swift */; };
/* End PBXBuildFile section */

/* Begin PBXFileReference section */
		885BB9C9B17EEACD02FE71F2 /* Pods-Part13.release.xcconfig */ = {isa = PBXFileReference; includeInIndex = 1; lastKnownFileType = text.xcconfig; name = "Pods-Part13.release.xcconfig"; path = "Target Support Files/Pods-Part13/Pods-Part13.release.xcconfig"; sourceTree = "<group>"; };
		8C9A52C526D3A59C008404FA /* Part13.app */ = {isa = PBXFileReference; explicitFileType = wrapper.application; includeInIndex = 0; path = Part13.app; sourceTree = BUILT_PRODUCTS_DIR; };
		8C9A52C826D3A59C008404FA /* AppDelegate.swift */ = {isa = PBXFileReference; lastKnownFileType = sourcecode.swift; path = AppDelegate.swift; sourceTree = "<group>"; };
		8C9A52CA26D3A59C008404FA /* SceneDelegate.swift */ = {isa = PBXFileReference; lastKnownFileType = sourcecode.swift; path = SceneDelegate.swift; sourceTree = "<group>"; };
		8C9A52CC26D3A59C008404FA /* ViewController.swift */ = {isa = PBXFileReference; lastKnownFileType = sourcecode.swift; path = ViewController.swift; sourceTree = "<group>"; };
		8C9A52CF26D3A59C008404FA /* Base */ = {isa = PBXFileReference; lastKnownFileType = file.storyboard; name = Base; path = Base.lproj/Main.storyboard; sourceTree = "<group>"; };
		8C9A52D126D3A5A1008404FA /* Assets.xcassets */ = {isa = PBXFileReference; lastKnownFileType = folder.assetcatalog; path = Assets.xcassets; sourceTree = "<group>"; };
		8C9A52D426D3A5A1008404FA /* Base */ = {isa = PBXFileReference; lastKnownFileType = file.storyboard; name = Base; path = Base.lproj/LaunchScreen.storyboard; sourceTree = "<group>"; };
		8C9A52D626D3A5A1008404FA /* Info.plist */ = {isa = PBXFileReference; lastKnownFileType = text.plist.xml; path = Info.plist; sourceTree = "<group>"; };
		8CCFFAE826D6545B00F2D767 /* InputViewController.swift */ = {isa = PBXFileReference; lastKnownFileType = sourcecode.swift; path = InputViewController.swift; sourceTree = "<group>"; };
		D53864374D96FAFC9EDDDE46 /* Pods-Part13.debug.xcconfig */ = {isa = PBXFileReference; includeInIndex = 1; lastKnownFileType = text.xcconfig; name = "Pods-Part13.debug.xcconfig"; path = "Target Support Files/Pods-Part13/Pods-Part13.debug.xcconfig"; sourceTree = "<group>"; };
		F746DA5A87D954C3158FAB19 /* Pods_Part13.framework */ = {isa = PBXFileReference; explicitFileType = wrapper.framework; includeInIndex = 0; path = Pods_Part13.framework; sourceTree = BUILT_PRODUCTS_DIR; };
/* End PBXFileReference section */

/* Begin PBXFrameworksBuildPhase section */
		8C9A52C226D3A59C008404FA /* Frameworks */ = {
			isa = PBXFrameworksBuildPhase;
			buildActionMask = 2147483647;
			files = (
				26D5DACA9D025BCD4F2AB622 /* Pods_Part13.framework in Frameworks */,
			);
			runOnlyForDeploymentPostprocessing = 0;
		};
/* End PBXFrameworksBuildPhase section */

/* Begin PBXGroup section */
		814AE439D847CC2511063B09 /* Pods */ = {
			isa = PBXGroup;
			children = (
				D53864374D96FAFC9EDDDE46 /* Pods-Part13.debug.xcconfig */,
				885BB9C9B17EEACD02FE71F2 /* Pods-Part13.release.xcconfig */,
			);
			path = Pods;
			sourceTree = "<group>";
		};
		8C9A52BC26D3A59C008404FA = {
			isa = PBXGroup;
			children = (
				8C9A52C726D3A59C008404FA /* Part13 */,
				8C9A52C626D3A59C008404FA /* Products */,
				814AE439D847CC2511063B09 /* Pods */,
				92EF04A1E9D34CE05845D292 /* Frameworks */,
			);
			sourceTree = "<group>";
		};
		8C9A52C626D3A59C008404FA /* Products */ = {
			isa = PBXGroup;
			children = (
				8C9A52C526D3A59C008404FA /* Part13.app */,
			);
			name = Products;
			sourceTree = "<group>";
		};
		8C9A52C726D3A59C008404FA /* Part13 */ = {
			isa = PBXGroup;
			children = (
				8C9A52C826D3A59C008404FA /* AppDelegate.swift */,
				8C9A52CA26D3A59C008404FA /* SceneDelegate.swift */,
				8C9A52CC26D3A59C008404FA /* ViewController.swift */,
				8CCFFAE826D6545B00F2D767 /* InputViewController.swift */,
				8C9A52CE26D3A59C008404FA /* Main.storyboard */,
				8C9A52D126D3A5A1008404FA /* Assets.xcassets */,
				8C9A52D326D3A5A1008404FA /* LaunchScreen.storyboard */,
				8C9A52D626D3A5A1008404FA /* Info.plist */,
			);
			path = Part13;
			sourceTree = "<group>";
		};
		92EF04A1E9D34CE05845D292 /* Frameworks */ = {
			isa = PBXGroup;
			children = (
				F746DA5A87D954C3158FAB19 /* Pods_Part13.framework */,
			);
			name = Frameworks;
			sourceTree = "<group>";
		};
/* End PBXGroup section */

/* Begin PBXNativeTarget section */
		8C9A52C426D3A59C008404FA /* Part13 */ = {
			isa = PBXNativeTarget;
			buildConfigurationList = 8C9A52D926D3A5A1008404FA /* Build configuration list for PBXNativeTarget "Part13" */;
			buildPhases = (
				56B8631D204C119B3D96BC7B /* [CP] Check Pods Manifest.lock */,
				8C9A52C126D3A59C008404FA /* Sources */,
				8C9A52C226D3A59C008404FA /* Frameworks */,
				8C9A52C326D3A59C008404FA /* Resources */,
				8CA44BA526D6464E00EC6C91 /* ShellScript */,
			);
			buildRules = (
			);
			dependencies = (
			);
			name = Part13;
			productName = Part13;
			productReference = 8C9A52C526D3A59C008404FA /* Part13.app */;
			productType = "com.apple.product-type.application";
		};
/* End PBXNativeTarget section */

/* Begin PBXProject section */
		8C9A52BD26D3A59C008404FA /* Project object */ = {
			isa = PBXProject;
			attributes = {
				LastSwiftUpdateCheck = 1250;
				LastUpgradeCheck = 1250;
				TargetAttributes = {
					8C9A52C426D3A59C008404FA = {
						CreatedOnToolsVersion = 12.5.1;
					};
				};
			};
			buildConfigurationList = 8C9A52C026D3A59C008404FA /* Build configuration list for PBXProject "Part13" */;
			compatibilityVersion = "Xcode 9.3";
			developmentRegion = en;
			hasScannedForEncodings = 0;
			knownRegions = (
				en,
				Base,
			);
			mainGroup = 8C9A52BC26D3A59C008404FA;
			productRefGroup = 8C9A52C626D3A59C008404FA /* Products */;
			projectDirPath = "";
			projectRoot = "";
			targets = (
				8C9A52C426D3A59C008404FA /* Part13 */,
			);
		};
/* End PBXProject section */

/* Begin PBXResourcesBuildPhase section */
		8C9A52C326D3A59C008404FA /* Resources */ = {
			isa = PBXResourcesBuildPhase;
			buildActionMask = 2147483647;
			files = (
				8C9A52D526D3A5A1008404FA /* LaunchScreen.storyboard in Resources */,
				8C9A52D226D3A5A1008404FA /* Assets.xcassets in Resources */,
				8C9A52D026D3A59C008404FA /* Main.storyboard in Resources */,
			);
			runOnlyForDeploymentPostprocessing = 0;
		};
/* End PBXResourcesBuildPhase section */

/* Begin PBXShellScriptBuildPhase section */
		56B8631D204C119B3D96BC7B /* [CP] Check Pods Manifest.lock */ = {
			isa = PBXShellScriptBuildPhase;
			buildActionMask = 2147483647;
			files = (
			);
			inputFileListPaths = (
			);
			inputPaths = (
				"${PODS_PODFILE_DIR_PATH}/Podfile.lock",
				"${PODS_ROOT}/Manifest.lock",
			);
			name = "[CP] Check Pods Manifest.lock";
			outputFileListPaths = (
			);
			outputPaths = (
				"$(DERIVED_FILE_DIR)/Pods-Part13-checkManifestLockResult.txt",
			);
			runOnlyForDeploymentPostprocessing = 0;
			shellPath = /bin/sh;
			shellScript = "diff \"${PODS_PODFILE_DIR_PATH}/Podfile.lock\" \"${PODS_ROOT}/Manifest.lock\" > /dev/null\nif [ $? != 0 ] ; then\n    # print error to STDERR\n    echo \"error: The sandbox is not in sync with the Podfile.lock. Run 'pod install' or update your CocoaPods installation.\" >&2\n    exit 1\nfi\n# This output is used by Xcode 'outputs' to avoid re-running this script phase.\necho \"SUCCESS\" > \"${SCRIPT_OUTPUT_FILE_0}\"\n";
			showEnvVarsInLog = 0;
		};
		8CA44BA526D6464E00EC6C91 /* ShellScript */ = {
			isa = PBXShellScriptBuildPhase;
			buildActionMask = 2147483647;
			files = (
			);
			inputFileListPaths = (
			);
			inputPaths = (
			);
			outputFileListPaths = (
			);
			outputPaths = (
			);
			runOnlyForDeploymentPostprocessing = 0;
			shellPath = /bin/sh;
			shellScript = "# Type a script or drag a script file from your workspace to insert its path.\n\n\"${PODS_ROOT}/SwiftLint/swiftlint\"\n";
		};
/* End PBXShellScriptBuildPhase section */

/* Begin PBXSourcesBuildPhase section */
		8C9A52C126D3A59C008404FA /* Sources */ = {
			isa = PBXSourcesBuildPhase;
			buildActionMask = 2147483647;
			files = (
				8C9A52CD26D3A59C008404FA /* ViewController.swift in Sources */,
				8C9A52C926D3A59C008404FA /* AppDelegate.swift in Sources */,
				8C9A52CB26D3A59C008404FA /* SceneDelegate.swift in Sources */,
				8CCFFAE926D6545B00F2D767 /* InputViewController.swift in Sources */,
			);
			runOnlyForDeploymentPostprocessing = 0;
		};
/* End PBXSourcesBuildPhase section */

/* Begin PBXVariantGroup section */
		8C9A52CE26D3A59C008404FA /* Main.storyboard */ = {
			isa = PBXVariantGroup;
			children = (
				8C9A52CF26D3A59C008404FA /* Base */,
			);
			name = Main.storyboard;
			sourceTree = "<group>";
		};
		8C9A52D326D3A5A1008404FA /* LaunchScreen.storyboard */ = {
			isa = PBXVariantGroup;
			children = (
				8C9A52D426D3A5A1008404FA /* Base */,
			);
			name = LaunchScreen.storyboard;
			sourceTree = "<group>";
		};
/* End PBXVariantGroup section */

/* Begin XCBuildConfiguration section */
		8C9A52D726D3A5A1008404FA /* Debug */ = {
			isa = XCBuildConfiguration;
			buildSettings = {
				ALWAYS_SEARCH_USER_PATHS = NO;
				CLANG_ANALYZER_NONNULL = YES;
				CLANG_ANALYZER_NUMBER_OBJECT_CONVERSION = YES_AGGRESSIVE;
				CLANG_CXX_LANGUAGE_STANDARD = "gnu++14";
				CLANG_CXX_LIBRARY = "libc++";
				CLANG_ENABLE_MODULES = YES;
				CLANG_ENABLE_OBJC_ARC = YES;
				CLANG_ENABLE_OBJC_WEAK = YES;
				CLANG_WARN_BLOCK_CAPTURE_AUTORELEASING = YES;
				CLANG_WARN_BOOL_CONVERSION = YES;
				CLANG_WARN_COMMA = YES;
				CLANG_WARN_CONSTANT_CONVERSION = YES;
				CLANG_WARN_DEPRECATED_OBJC_IMPLEMENTATIONS = YES;
				CLANG_WARN_DIRECT_OBJC_ISA_USAGE = YES_ERROR;
				CLANG_WARN_DOCUMENTATION_COMMENTS = YES;
				CLANG_WARN_EMPTY_BODY = YES;
				CLANG_WARN_ENUM_CONVERSION = YES;
				CLANG_WARN_INFINITE_RECURSION = YES;
				CLANG_WARN_INT_CONVERSION = YES;
				CLANG_WARN_NON_LITERAL_NULL_CONVERSION = YES;
				CLANG_WARN_OBJC_IMPLICIT_RETAIN_SELF = YES;
				CLANG_WARN_OBJC_LITERAL_CONVERSION = YES;
				CLANG_WARN_OBJC_ROOT_CLASS = YES_ERROR;
				CLANG_WARN_QUOTED_INCLUDE_IN_FRAMEWORK_HEADER = YES;
				CLANG_WARN_RANGE_LOOP_ANALYSIS = YES;
				CLANG_WARN_STRICT_PROTOTYPES = YES;
				CLANG_WARN_SUSPICIOUS_MOVE = YES;
				CLANG_WARN_UNGUARDED_AVAILABILITY = YES_AGGRESSIVE;
				CLANG_WARN_UNREACHABLE_CODE = YES;
				CLANG_WARN__DUPLICATE_METHOD_MATCH = YES;
				COPY_PHASE_STRIP = NO;
				DEBUG_INFORMATION_FORMAT = dwarf;
				ENABLE_STRICT_OBJC_MSGSEND = YES;
				ENABLE_TESTABILITY = YES;
				GCC_C_LANGUAGE_STANDARD = gnu11;
				GCC_DYNAMIC_NO_PIC = NO;
				GCC_NO_COMMON_BLOCKS = YES;
				GCC_OPTIMIZATION_LEVEL = 0;
				GCC_PREPROCESSOR_DEFINITIONS = (
					"DEBUG=1",
					"$(inherited)",
				);
				GCC_WARN_64_TO_32_BIT_CONVERSION = YES;
				GCC_WARN_ABOUT_RETURN_TYPE = YES_ERROR;
				GCC_WARN_UNDECLARED_SELECTOR = YES;
				GCC_WARN_UNINITIALIZED_AUTOS = YES_AGGRESSIVE;
				GCC_WARN_UNUSED_FUNCTION = YES;
				GCC_WARN_UNUSED_VARIABLE = YES;
				IPHONEOS_DEPLOYMENT_TARGET = 14.5;
				MTL_ENABLE_DEBUG_INFO = INCLUDE_SOURCE;
				MTL_FAST_MATH = YES;
				ONLY_ACTIVE_ARCH = YES;
				SDKROOT = iphoneos;
				SWIFT_ACTIVE_COMPILATION_CONDITIONS = DEBUG;
				SWIFT_OPTIMIZATION_LEVEL = "-Onone";
			};
			name = Debug;
		};
		8C9A52D826D3A5A1008404FA /* Release */ = {
			isa = XCBuildConfiguration;
			buildSettings = {
				ALWAYS_SEARCH_USER_PATHS = NO;
				CLANG_ANALYZER_NONNULL = YES;
				CLANG_ANALYZER_NUMBER_OBJECT_CONVERSION = YES_AGGRESSIVE;
				CLANG_CXX_LANGUAGE_STANDARD = "gnu++14";
				CLANG_CXX_LIBRARY = "libc++";
				CLANG_ENABLE_MODULES = YES;
				CLANG_ENABLE_OBJC_ARC = YES;
				CLANG_ENABLE_OBJC_WEAK = YES;
				CLANG_WARN_BLOCK_CAPTURE_AUTORELEASING = YES;
				CLANG_WARN_BOOL_CONVERSION = YES;
				CLANG_WARN_COMMA = YES;
				CLANG_WARN_CONSTANT_CONVERSION = YES;
				CLANG_WARN_DEPRECATED_OBJC_IMPLEMENTATIONS = YES;
				CLANG_WARN_DIRECT_OBJC_ISA_USAGE = YES_ERROR;
				CLANG_WARN_DOCUMENTATION_COMMENTS = YES;
				CLANG_WARN_EMPTY_BODY = YES;
				CLANG_WARN_ENUM_CONVERSION = YES;
				CLANG_WARN_INFINITE_RECURSION = YES;
				CLANG_WARN_INT_CONVERSION = YES;
				CLANG_WARN_NON_LITERAL_NULL_CONVERSION = YES;
				CLANG_WARN_OBJC_IMPLICIT_RETAIN_SELF = YES;
				CLANG_WARN_OBJC_LITERAL_CONVERSION = YES;
				CLANG_WARN_OBJC_ROOT_CLASS = YES_ERROR;
				CLANG_WARN_QUOTED_INCLUDE_IN_FRAMEWORK_HEADER = YES;
				CLANG_WARN_RANGE_LOOP_ANALYSIS = YES;
				CLANG_WARN_STRICT_PROTOTYPES = YES;
				CLANG_WARN_SUSPICIOUS_MOVE = YES;
				CLANG_WARN_UNGUARDED_AVAILABILITY = YES_AGGRESSIVE;
				CLANG_WARN_UNREACHABLE_CODE = YES;
				CLANG_WARN__DUPLICATE_METHOD_MATCH = YES;
				COPY_PHASE_STRIP = NO;
				DEBUG_INFORMATION_FORMAT = "dwarf-with-dsym";
				ENABLE_NS_ASSERTIONS = NO;
				ENABLE_STRICT_OBJC_MSGSEND = YES;
				GCC_C_LANGUAGE_STANDARD = gnu11;
				GCC_NO_COMMON_BLOCKS = YES;
				GCC_WARN_64_TO_32_BIT_CONVERSION = YES;
				GCC_WARN_ABOUT_RETURN_TYPE = YES_ERROR;
				GCC_WARN_UNDECLARED_SELECTOR = YES;
				GCC_WARN_UNINITIALIZED_AUTOS = YES_AGGRESSIVE;
				GCC_WARN_UNUSED_FUNCTION = YES;
				GCC_WARN_UNUSED_VARIABLE = YES;
				IPHONEOS_DEPLOYMENT_TARGET = 14.5;
				MTL_ENABLE_DEBUG_INFO = NO;
				MTL_FAST_MATH = YES;
				SDKROOT = iphoneos;
				SWIFT_COMPILATION_MODE = wholemodule;
				SWIFT_OPTIMIZATION_LEVEL = "-O";
				VALIDATE_PRODUCT = YES;
			};
			name = Release;
		};
		8C9A52DA26D3A5A1008404FA /* Debug */ = {
			isa = XCBuildConfiguration;
			baseConfigurationReference = D53864374D96FAFC9EDDDE46 /* Pods-Part13.debug.xcconfig */;
			buildSettings = {
				ASSETCATALOG_COMPILER_APPICON_NAME = AppIcon;
				ASSETCATALOG_COMPILER_GLOBAL_ACCENT_COLOR_NAME = AccentColor;
				CODE_SIGN_STYLE = Automatic;
				DEVELOPMENT_TEAM = 6H7CM9RQ6P;
				INFOPLIST_FILE = Part13/Info.plist;
				LD_RUNPATH_SEARCH_PATHS = (
					"$(inherited)",
					"@executable_path/Frameworks",
				);
				PRODUCT_BUNDLE_IDENTIFIER = com.gmail.wangyuexing34.Part13;
				PRODUCT_NAME = "$(TARGET_NAME)";
				SWIFT_VERSION = 5.0;
				TARGETED_DEVICE_FAMILY = "1,2";
			};
			name = Debug;
		};
		8C9A52DB26D3A5A1008404FA /* Release */ = {
			isa = XCBuildConfiguration;
			baseConfigurationReference = 885BB9C9B17EEACD02FE71F2 /* Pods-Part13.release.xcconfig */;
			buildSettings = {
				ASSETCATALOG_COMPILER_APPICON_NAME = AppIcon;
				ASSETCATALOG_COMPILER_GLOBAL_ACCENT_COLOR_NAME = AccentColor;
				CODE_SIGN_STYLE = Automatic;
				DEVELOPMENT_TEAM = 6H7CM9RQ6P;
				INFOPLIST_FILE = Part13/Info.plist;
				LD_RUNPATH_SEARCH_PATHS = (
					"$(inherited)",
					"@executable_path/Frameworks",
				);
				PRODUCT_BUNDLE_IDENTIFIER = com.gmail.wangyuexing34.Part13;
				PRODUCT_NAME = "$(TARGET_NAME)";
				SWIFT_VERSION = 5.0;
				TARGETED_DEVICE_FAMILY = "1,2";
			};
			name = Release;
		};
/* End XCBuildConfiguration section */

/* Begin XCConfigurationList section */
		8C9A52C026D3A59C008404FA /* Build configuration list for PBXProject "Part13" */ = {
			isa = XCConfigurationList;
			buildConfigurations = (
				8C9A52D726D3A5A1008404FA /* Debug */,
				8C9A52D826D3A5A1008404FA /* Release */,
			);
			defaultConfigurationIsVisible = 0;
			defaultConfigurationName = Release;
		};
		8C9A52D926D3A5A1008404FA /* Build configuration list for PBXNativeTarget "Part13" */ = {
			isa = XCConfigurationList;
			buildConfigurations = (
				8C9A52DA26D3A5A1008404FA /* Debug */,
				8C9A52DB26D3A5A1008404FA /* Release */,
			);
			defaultConfigurationIsVisible = 0;
			defaultConfigurationName = Release;
		};
/* End XCConfigurationList section */
	};
	rootObject = 8C9A52BD26D3A59C008404FA /* Project object */;
}
